
Microsoft Visual Studio Solution File, Format Version 12.00
Project("{FAE04EC0-301F-11D3-BF4B-00C04F79EFBC}") = "ResultSetInterpreter", "ResultSetInterpreter\ResultSetInterpreter.csproj", "{B1DE69C7-1298-431B-B529-E3E8A450FEF3}"
EndProject
Project("{FAE04EC0-301F-11D3-BF4B-00C04F79EFBC}") = "ResultSetInterpreter.Services", "ResultSetInterpreter.Services\ResultSetInterpreter.Services.csproj", "{559DE9D4-A73E-4EF6-900B-2622AA127D05}"
EndProject
Project("{FAE04EC0-301F-11D3-BF4B-00C04F79EFBC}") = "ResultSetInterpreter.Services.Test", "ResultSetInterpreter.Services.Test\ResultSetInterpreter.Services.Test.csproj", "{9493E120-CCA8-46EB-B111-66DFC84B6C40}"
EndProject
Project("{FAE04EC0-301F-11D3-BF4B-00C04F79EFBC}") = "ResultSetInterpreter.Models", "ResultSetInterpreter.Models\ResultSetInterpreter.Models.csproj", "{2D58264A-AA5B-496B-B4F3-F1CC45886018}"
EndProject
Project("{FAE04EC0-301F-11D3-BF4B-00C04F79EFBC}") = "ResultSetInterpreter.SharedComponents", "ResultSetInterpreter.SharedComponents\ResultSetInterpreter.SharedComponents.csproj", "{D3BAA46E-0D85-4374-A623-E8C3A81C20DB}"
EndProject
Project("{FAE04EC0-301F-11D3-BF4B-00C04F79EFBC}") = "ResultSetInterpreter.Web", "ResultSetInterpreter.Web\ResultSetInterpreter.Web.csproj", "{212B30DC-01C1-4B26-A9EE-2102B181770A}"
EndProject
Project("{FAE04EC0-301F-11D3-BF4B-00C04F79EFBC}") = "ResultSetInterpreter.Services.EpPlus", "ResultSetInterpreter.Services.EpPlus\ResultSetInterpreter.Services.EpPlus.csproj", "{3053B806-4E1F-499C-9AED-4238711D60A4}"
EndProject
Global
	GlobalSection(SolutionConfigurationPlatforms) = preSolution
		Debug|Any CPU = Debug|Any CPU
		Release|Any CPU = Release|Any CPU
	EndGlobalSection
	GlobalSection(ProjectConfigurationPlatforms) = postSolution
		{B1DE69C7-1298-431B-B529-E3E8A450FEF3}.Debug|Any CPU.ActiveCfg = Debug|Any CPU
		{B1DE69C7-1298-431B-B529-E3E8A450FEF3}.Debug|Any CPU.Build.0 = Debug|Any CPU
		{B1DE69C7-1298-431B-B529-E3E8A450FEF3}.Release|Any CPU.ActiveCfg = Release|Any CPU
		{B1DE69C7-1298-431B-B529-E3E8A450FEF3}.Release|Any CPU.Build.0 = Release|Any CPU
		{559DE9D4-A73E-4EF6-900B-2622AA127D05}.Debug|Any CPU.ActiveCfg = Debug|Any CPU
		{559DE9D4-A73E-4EF6-900B-2622AA127D05}.Debug|Any CPU.Build.0 = Debug|Any CPU
		{559DE9D4-A73E-4EF6-900B-2622AA127D05}.Release|Any CPU.ActiveCfg = Release|Any CPU
		{559DE9D4-A73E-4EF6-900B-2622AA127D05}.Release|Any CPU.Build.0 = Release|Any CPU
		{9493E120-CCA8-46EB-B111-66DFC84B6C40}.Debug|Any CPU.ActiveCfg = Debug|Any CPU
		{9493E120-CCA8-46EB-B111-66DFC84B6C40}.Debug|Any CPU.Build.0 = Debug|Any CPU
		{9493E120-CCA8-46EB-B111-66DFC84B6C40}.Release|Any CPU.ActiveCfg = Release|Any CPU
		{9493E120-CCA8-46EB-B111-66DFC84B6C40}.Release|Any CPU.Build.0 = Release|Any CPU
		{2D58264A-AA5B-496B-B4F3-F1CC45886018}.Debug|Any CPU.ActiveCfg = Debug|Any CPU
		{2D58264A-AA5B-496B-B4F3-F1CC45886018}.Debug|Any CPU.Build.0 = Debug|Any CPU
		{2D58264A-AA5B-496B-B4F3-F1CC45886018}.Release|Any CPU.ActiveCfg = Release|Any CPU
		{2D58264A-AA5B-496B-B4F3-F1CC45886018}.Release|Any CPU.Build.0 = Release|Any CPU
		{D3BAA46E-0D85-4374-A623-E8C3A81C20DB}.Debug|Any CPU.ActiveCfg = Debug|Any CPU
		{D3BAA46E-0D85-4374-A623-E8C3A81C20DB}.Debug|Any CPU.Build.0 = Debug|Any CPU
		{D3BAA46E-0D85-4374-A623-E8C3A81C20DB}.Release|Any CPU.ActiveCfg = Release|Any CPU
		{D3BAA46E-0D85-4374-A623-E8C3A81C20DB}.Release|Any CPU.Build.0 = Release|Any CPU
		{212B30DC-01C1-4B26-A9EE-2102B181770A}.Debug|Any CPU.ActiveCfg = Debug|Any CPU
		{212B30DC-01C1-4B26-A9EE-2102B181770A}.Debug|Any CPU.Build.0 = Debug|Any CPU
		{212B30DC-01C1-4B26-A9EE-2102B181770A}.Release|Any CPU.ActiveCfg = Release|Any CPU
		{212B30DC-01C1-4B26-A9EE-2102B181770A}.Release|Any CPU.Build.0 = Release|Any CPU
		{3053B806-4E1F-499C-9AED-4238711D60A4}.Debug|Any CPU.ActiveCfg = Debug|Any CPU
		{3053B806-4E1F-499C-9AED-4238711D60A4}.Debug|Any CPU.Build.0 = Debug|Any CPU
		{3053B806-4E1F-499C-9AED-4238711D60A4}.Release|Any CPU.ActiveCfg = Release|Any CPU
		{3053B806-4E1F-499C-9AED-4238711D60A4}.Release|Any CPU.Build.0 = Release|Any CPU
	EndGlobalSection
EndGlobal
